// !$*UTF8*$!
{
	archiveVersion = 1;
	classes = {
	};
	objectVersion = 46;
	objects = {

/* Begin PBXBuildFile section */
		283F36AF21F9428751A4D355 /* Pods_GonnaMeetYouHalfway.framework in Frameworks */ = {isa = PBXBuildFile; fileRef = 8D923706F2C9DCF4BA8A1CF6 /* Pods_GonnaMeetYouHalfway.framework */; };
		89B4162ACF33B6EB2187C6FA /* Pods_Halfway_Widget.framework in Frameworks */ = {isa = PBXBuildFile; fileRef = 3D7E757CD52DA60AD1A328BC /* Pods_Halfway_Widget.framework */; };
		90041E681E01681D00DDBD97 /* CLLocationCoordinate2D_Mappable.swift in Sources */ = {isa = PBXBuildFile; fileRef = 90041E671E01681D00DDBD97 /* CLLocationCoordinate2D_Mappable.swift */; };
		90041E941E0172C900DDBD97 /* Interface.storyboard in Resources */ = {isa = PBXBuildFile; fileRef = 90041E921E0172C900DDBD97 /* Interface.storyboard */; };
		90041E961E0172C900DDBD97 /* Assets.xcassets in Resources */ = {isa = PBXBuildFile; fileRef = 90041E951E0172C900DDBD97 /* Assets.xcassets */; };
		90041E9D1E0172C900DDBD97 /* HalfwayWatch Extension.appex in Embed App Extensions */ = {isa = PBXBuildFile; fileRef = 90041E9C1E0172C900DDBD97 /* HalfwayWatch Extension.appex */; settings = {ATTRIBUTES = (RemoveHeadersOnCopy, ); }; };
		90041EA41E0172C900DDBD97 /* ExtensionDelegate.swift in Sources */ = {isa = PBXBuildFile; fileRef = 90041EA31E0172C900DDBD97 /* ExtensionDelegate.swift */; };
		90041EA61E0172C900DDBD97 /* Assets.xcassets in Resources */ = {isa = PBXBuildFile; fileRef = 90041EA51E0172C900DDBD97 /* Assets.xcassets */; };
		90041EAA1E0172C900DDBD97 /* HalfwayWatch.app in Embed Watch Content */ = {isa = PBXBuildFile; fileRef = 90041E901E0172C900DDBD97 /* HalfwayWatch.app */; };
		90041EB41E01753F00DDBD97 /* ArrivalInterfaceController.swift in Sources */ = {isa = PBXBuildFile; fileRef = 90041EB31E01753F00DDBD97 /* ArrivalInterfaceController.swift */; };
		90041EB61E01759200DDBD97 /* MapInterfaceController.swift in Sources */ = {isa = PBXBuildFile; fileRef = 90041EB51E01759200DDBD97 /* MapInterfaceController.swift */; };
		90041EB81E0180FD00DDBD97 /* GonnaMeetAPI.swift in Sources */ = {isa = PBXBuildFile; fileRef = 9060F37D1DFEB20900213743 /* GonnaMeetAPI.swift */; };
		90041EB91E0180FD00DDBD97 /* MeetingResponse.swift in Sources */ = {isa = PBXBuildFile; fileRef = 9060F3791DFEB12800213743 /* MeetingResponse.swift */; };
		9026C1E21E00424F00BACF03 /* AcceptMeetingRequest.swift in Sources */ = {isa = PBXBuildFile; fileRef = 9026C1E11E00424F00BACF03 /* AcceptMeetingRequest.swift */; };
		9028C3EE1E0296EA00F6AEC8 /* WatchNotifier.swift in Sources */ = {isa = PBXBuildFile; fileRef = 9028C3ED1E0296EA00F6AEC8 /* WatchNotifier.swift */; };
		9028C3F71E02B56E00F6AEC8 /* MeetingInfo.swift in Sources */ = {isa = PBXBuildFile; fileRef = 9028C3F61E02B56E00F6AEC8 /* MeetingInfo.swift */; };
		9028C3F81E02B56E00F6AEC8 /* MeetingInfo.swift in Sources */ = {isa = PBXBuildFile; fileRef = 9028C3F61E02B56E00F6AEC8 /* MeetingInfo.swift */; };
		9028C3FB1E02B9F500F6AEC8 /* LocationInfoInterfaceController.swift in Sources */ = {isa = PBXBuildFile; fileRef = 9028C3F91E02B9F500F6AEC8 /* LocationInfoInterfaceController.swift */; };
		9060F3651DFEAAE600213743 /* AppDelegate.swift in Sources */ = {isa = PBXBuildFile; fileRef = 9060F3641DFEAAE600213743 /* AppDelegate.swift */; };
		9060F36A1DFEAAE600213743 /* Main.storyboard in Resources */ = {isa = PBXBuildFile; fileRef = 9060F3681DFEAAE600213743 /* Main.storyboard */; };
		9060F36F1DFEAAE600213743 /* LaunchScreen.storyboard in Resources */ = {isa = PBXBuildFile; fileRef = 9060F36D1DFEAAE600213743 /* LaunchScreen.storyboard */; };
		9060F3781DFEB0AB00213743 /* MeetingRequest.swift in Sources */ = {isa = PBXBuildFile; fileRef = 9060F3771DFEB0AB00213743 /* MeetingRequest.swift */; };
		906874D01DFED95700F4136F /* SuggestionRequest.swift in Sources */ = {isa = PBXBuildFile; fileRef = 906874CF1DFED95700F4136F /* SuggestionRequest.swift */; };
		906874D21DFEE2AD00F4136F /* RxMqttClient.swift in Sources */ = {isa = PBXBuildFile; fileRef = 906874D11DFEE2AD00F4136F /* RxMqttClient.swift */; };
		906874D41DFF51DC00F4136F /* GonnaMeetError.swift in Sources */ = {isa = PBXBuildFile; fileRef = 906874D31DFF51DC00F4136F /* GonnaMeetError.swift */; };
		90741C791E00190B001E88E4 /* PlaceSuggestion.swift in Sources */ = {isa = PBXBuildFile; fileRef = 90741C781E00190B001E88E4 /* PlaceSuggestion.swift */; };
		90741C7B1E002341001E88E4 /* MeetingSuggestion.swift in Sources */ = {isa = PBXBuildFile; fileRef = 90741C7A1E002341001E88E4 /* MeetingSuggestion.swift */; };
		90BA3EF31E02F3D4002491D0 /* LocationInfo.swift in Sources */ = {isa = PBXBuildFile; fileRef = 90BA3EF21E02F3D4002491D0 /* LocationInfo.swift */; };
		90BA3EF41E02F3D4002491D0 /* LocationInfo.swift in Sources */ = {isa = PBXBuildFile; fileRef = 90BA3EF21E02F3D4002491D0 /* LocationInfo.swift */; };
		90BA3EF71E02F6AB002491D0 /* LocationInfoService.swift in Sources */ = {isa = PBXBuildFile; fileRef = 90BA3EF61E02F6AB002491D0 /* LocationInfoService.swift */; };
		90BA3EF91E03441F002491D0 /* CLLocationCoordinate2D_Dictionary.swift in Sources */ = {isa = PBXBuildFile; fileRef = 90BA3EF81E03441F002491D0 /* CLLocationCoordinate2D_Dictionary.swift */; };
		90BA3EFA1E03441F002491D0 /* CLLocationCoordinate2D_Dictionary.swift in Sources */ = {isa = PBXBuildFile; fileRef = 90BA3EF81E03441F002491D0 /* CLLocationCoordinate2D_Dictionary.swift */; };
		EE0FC2731E02C97000463ADD /* UserType.swift in Sources */ = {isa = PBXBuildFile; fileRef = EE0FC2721E02C97000463ADD /* UserType.swift */; };
		EE0FC2751E02CEDA00463ADD /* GonnaMeetRoute.swift in Sources */ = {isa = PBXBuildFile; fileRef = EE0FC2741E02CEDA00463ADD /* GonnaMeetRoute.swift */; };
		EE0FC2771E03329600463ADD /* Assets.xcassets in Resources */ = {isa = PBXBuildFile; fileRef = EE0FC2761E03329600463ADD /* Assets.xcassets */; };
		EE2D53061E014CD700D839C0 /* MeetingSuggestionViewController.swift in Sources */ = {isa = PBXBuildFile; fileRef = EE2D53051E014CD700D839C0 /* MeetingSuggestionViewController.swift */; };
		EE2D53081E0151EA00D839C0 /* MeetingViewModel.swift in Sources */ = {isa = PBXBuildFile; fileRef = EE2D53071E0151EA00D839C0 /* MeetingViewModel.swift */; };
		EE31906D1E009BB90045569E /* LocationViewController.swift in Sources */ = {isa = PBXBuildFile; fileRef = EE31906C1E009BB90045569E /* LocationViewController.swift */; };
		EE3190721E009DA80045569E /* LocationManager.swift in Sources */ = {isa = PBXBuildFile; fileRef = EE3190711E009DA80045569E /* LocationManager.swift */; };
		EE3190761E00A1D50045569E /* InviteViewModel.swift in Sources */ = {isa = PBXBuildFile; fileRef = EE3190741E00A1D50045569E /* InviteViewModel.swift */; };
		EE3190771E00A1D50045569E /* LocationViewModel.swift in Sources */ = {isa = PBXBuildFile; fileRef = EE3190751E00A1D50045569E /* LocationViewModel.swift */; };
		EE3190781E00A2080045569E /* GonnaMeetClient.swift in Sources */ = {isa = PBXBuildFile; fileRef = 906874CD1DFEBCB600F4136F /* GonnaMeetClient.swift */; };
		EE31907C1E00BDDB0045569E /* MeetingStatus.swift in Sources */ = {isa = PBXBuildFile; fileRef = EE31907B1E00BDDB0045569E /* MeetingStatus.swift */; };
		EE33F98E1E001364009297BB /* ContactViewController.swift in Sources */ = {isa = PBXBuildFile; fileRef = 9060F3661DFEAAE600213743 /* ContactViewController.swift */; };
		EE4CC8041DFEB56F00E444F7 /* Globals.swift in Sources */ = {isa = PBXBuildFile; fileRef = EE4CC8031DFEB56F00E444F7 /* Globals.swift */; };
		EE4CC8071DFEB6A300E444F7 /* UIViewControllerExtension.swift in Sources */ = {isa = PBXBuildFile; fileRef = EE4CC8061DFEB6A300E444F7 /* UIViewControllerExtension.swift */; };
		EE4CC8091DFECE8800E444F7 /* SearchContactViewController.swift in Sources */ = {isa = PBXBuildFile; fileRef = EE4CC8081DFECE8800E444F7 /* SearchContactViewController.swift */; };
		EE54420E1DFEDFF000EDC654 /* ContactCell.swift in Sources */ = {isa = PBXBuildFile; fileRef = EE54420D1DFEDFF000EDC654 /* ContactCell.swift */; };
		EE6ECA251E01A9B7006DE828 /* NavigationViewController.swift in Sources */ = {isa = PBXBuildFile; fileRef = EE6ECA241E01A9B7006DE828 /* NavigationViewController.swift */; };
		EE6ECA271E01AD91006DE828 /* AlertHandler.swift in Sources */ = {isa = PBXBuildFile; fileRef = EE6ECA261E01AD91006DE828 /* AlertHandler.swift */; };
		EEA094131E035DCD00DD60B5 /* NotificationCenter.framework in Frameworks */ = {isa = PBXBuildFile; fileRef = EEA094121E035DCD00DD60B5 /* NotificationCenter.framework */; };
		EEA094161E035DCD00DD60B5 /* TodayViewController.swift in Sources */ = {isa = PBXBuildFile; fileRef = EEA094151E035DCD00DD60B5 /* TodayViewController.swift */; };
		EEA094191E035DCD00DD60B5 /* MainInterface.storyboard in Resources */ = {isa = PBXBuildFile; fileRef = EEA094171E035DCD00DD60B5 /* MainInterface.storyboard */; };
		EEA0941D1E035DCD00DD60B5 /* Halfway Widget.appex in Embed App Extensions */ = {isa = PBXBuildFile; fileRef = EEA094111E035DCD00DD60B5 /* Halfway Widget.appex */; settings = {ATTRIBUTES = (RemoveHeadersOnCopy, ); }; };
		EEA094221E03642700DD60B5 /* MeetingInfo.swift in Sources */ = {isa = PBXBuildFile; fileRef = 9028C3F61E02B56E00F6AEC8 /* MeetingInfo.swift */; };
		EEA094231E03657F00DD60B5 /* LocationInfo.swift in Sources */ = {isa = PBXBuildFile; fileRef = 90BA3EF21E02F3D4002491D0 /* LocationInfo.swift */; };
		EEA094241E03DF0D00DD60B5 /* CLLocationCoordinate2D_Dictionary.swift in Sources */ = {isa = PBXBuildFile; fileRef = 90BA3EF81E03441F002491D0 /* CLLocationCoordinate2D_Dictionary.swift */; };
		EEA094251E03E1FF00DD60B5 /* LocationInfoService.swift in Sources */ = {isa = PBXBuildFile; fileRef = 90BA3EF61E02F6AB002491D0 /* LocationInfoService.swift */; };
		EEA094271E03E67300DD60B5 /* LocationManager.swift in Sources */ = {isa = PBXBuildFile; fileRef = EE3190711E009DA80045569E /* LocationManager.swift */; };
		EEA094281E03E68000DD60B5 /* MeetingResponse.swift in Sources */ = {isa = PBXBuildFile; fileRef = 9060F3791DFEB12800213743 /* MeetingResponse.swift */; };
		EEA094291E03E6C100DD60B5 /* GonnaMeetClient.swift in Sources */ = {isa = PBXBuildFile; fileRef = 906874CD1DFEBCB600F4136F /* GonnaMeetClient.swift */; };
		EEA0942A1E03E7E400DD60B5 /* GonnaMeetAPI.swift in Sources */ = {isa = PBXBuildFile; fileRef = 9060F37D1DFEB20900213743 /* GonnaMeetAPI.swift */; };
		EEA0942B1E03E7F300DD60B5 /* RxMqttClient.swift in Sources */ = {isa = PBXBuildFile; fileRef = 906874D11DFEE2AD00F4136F /* RxMqttClient.swift */; };
		EEA0942C1E03E7FB00DD60B5 /* PlaceSuggestion.swift in Sources */ = {isa = PBXBuildFile; fileRef = 90741C781E00190B001E88E4 /* PlaceSuggestion.swift */; };
		EEA0942D1E03E80600DD60B5 /* MeetingSuggestion.swift in Sources */ = {isa = PBXBuildFile; fileRef = 90741C7A1E002341001E88E4 /* MeetingSuggestion.swift */; };
		EEA0942E1E03E8FC00DD60B5 /* MeetingRequest.swift in Sources */ = {isa = PBXBuildFile; fileRef = 9060F3771DFEB0AB00213743 /* MeetingRequest.swift */; };
		EEA0942F1E03E90100DD60B5 /* AcceptMeetingRequest.swift in Sources */ = {isa = PBXBuildFile; fileRef = 9026C1E11E00424F00BACF03 /* AcceptMeetingRequest.swift */; };
		EEA094301E03E90600DD60B5 /* SuggestionRequest.swift in Sources */ = {isa = PBXBuildFile; fileRef = 906874CF1DFED95700F4136F /* SuggestionRequest.swift */; };
		EEA094311E03E95300DD60B5 /* CLLocationCoordinate2D_Mappable.swift in Sources */ = {isa = PBXBuildFile; fileRef = 90041E671E01681D00DDBD97 /* CLLocationCoordinate2D_Mappable.swift */; };
		EEA094321E03E9F700DD60B5 /* GonnaMeetError.swift in Sources */ = {isa = PBXBuildFile; fileRef = 906874D31DFF51DC00F4136F /* GonnaMeetError.swift */; };
		EEA12C401E01680B008A98CE /* GonnaMeetAnnotation.swift in Sources */ = {isa = PBXBuildFile; fileRef = EEA12C3F1E01680B008A98CE /* GonnaMeetAnnotation.swift */; };
/* End PBXBuildFile section */

/* Begin PBXContainerItemProxy section */
		90041E9E1E0172C900DDBD97 /* PBXContainerItemProxy */ = {
			isa = PBXContainerItemProxy;
			containerPortal = 9060F3591DFEAAE600213743 /* Project object */;
			proxyType = 1;
			remoteGlobalIDString = 90041E9B1E0172C900DDBD97;
			remoteInfo = "HalfwayWatch Extension";
		};
		90041EA81E0172C900DDBD97 /* PBXContainerItemProxy */ = {
			isa = PBXContainerItemProxy;
			containerPortal = 9060F3591DFEAAE600213743 /* Project object */;
			proxyType = 1;
			remoteGlobalIDString = 90041E8F1E0172C900DDBD97;
			remoteInfo = HalfwayWatch;
		};
		EEA0941B1E035DCD00DD60B5 /* PBXContainerItemProxy */ = {
			isa = PBXContainerItemProxy;
			containerPortal = 9060F3591DFEAAE600213743 /* Project object */;
			proxyType = 1;
			remoteGlobalIDString = EEA094101E035DCD00DD60B5;
			remoteInfo = "Halfway Widget";
		};
/* End PBXContainerItemProxy section */

/* Begin PBXCopyFilesBuildPhase section */
		90041EB01E0172C900DDBD97 /* Embed App Extensions */ = {
			isa = PBXCopyFilesBuildPhase;
			buildActionMask = 2147483647;
			dstPath = "";
			dstSubfolderSpec = 13;
			files = (
				90041E9D1E0172C900DDBD97 /* HalfwayWatch Extension.appex in Embed App Extensions */,
			);
			name = "Embed App Extensions";
			runOnlyForDeploymentPostprocessing = 0;
		};
		90041EB21E0172C900DDBD97 /* Embed Watch Content */ = {
			isa = PBXCopyFilesBuildPhase;
			buildActionMask = 2147483647;
			dstPath = "$(CONTENTS_FOLDER_PATH)/Watch";
			dstSubfolderSpec = 16;
			files = (
				90041EAA1E0172C900DDBD97 /* HalfwayWatch.app in Embed Watch Content */,
			);
			name = "Embed Watch Content";
			runOnlyForDeploymentPostprocessing = 0;
		};
		EEA094211E035DCD00DD60B5 /* Embed App Extensions */ = {
			isa = PBXCopyFilesBuildPhase;
			buildActionMask = 2147483647;
			dstPath = "";
			dstSubfolderSpec = 13;
			files = (
				EEA0941D1E035DCD00DD60B5 /* Halfway Widget.appex in Embed App Extensions */,
			);
			name = "Embed App Extensions";
			runOnlyForDeploymentPostprocessing = 0;
		};
/* End PBXCopyFilesBuildPhase section */

/* Begin PBXFileReference section */
		2828B6FF2FE8D7F6C26D6A93 /* Pods-Halfway Widget.debug.xcconfig */ = {isa = PBXFileReference; includeInIndex = 1; lastKnownFileType = text.xcconfig; name = "Pods-Halfway Widget.debug.xcconfig"; path = "Pods/Target Support Files/Pods-Halfway Widget/Pods-Halfway Widget.debug.xcconfig"; sourceTree = "<group>"; };
		3D7E757CD52DA60AD1A328BC /* Pods_Halfway_Widget.framework */ = {isa = PBXFileReference; explicitFileType = wrapper.framework; includeInIndex = 0; path = Pods_Halfway_Widget.framework; sourceTree = BUILT_PRODUCTS_DIR; };
		8201DA6CAC7D5D282D664A15 /* Pods-GonnaMeetYouHalfway.debug.xcconfig */ = {isa = PBXFileReference; includeInIndex = 1; lastKnownFileType = text.xcconfig; name = "Pods-GonnaMeetYouHalfway.debug.xcconfig"; path = "Pods/Target Support Files/Pods-GonnaMeetYouHalfway/Pods-GonnaMeetYouHalfway.debug.xcconfig"; sourceTree = "<group>"; };
		8D923706F2C9DCF4BA8A1CF6 /* Pods_GonnaMeetYouHalfway.framework */ = {isa = PBXFileReference; explicitFileType = wrapper.framework; includeInIndex = 0; path = Pods_GonnaMeetYouHalfway.framework; sourceTree = BUILT_PRODUCTS_DIR; };
		8EA338C6C9937B0F5D67045C /* Pods-GonnaMeetYouHalfway.release.xcconfig */ = {isa = PBXFileReference; includeInIndex = 1; lastKnownFileType = text.xcconfig; name = "Pods-GonnaMeetYouHalfway.release.xcconfig"; path = "Pods/Target Support Files/Pods-GonnaMeetYouHalfway/Pods-GonnaMeetYouHalfway.release.xcconfig"; sourceTree = "<group>"; };
		90041E671E01681D00DDBD97 /* CLLocationCoordinate2D_Mappable.swift */ = {isa = PBXFileReference; fileEncoding = 4; lastKnownFileType = sourcecode.swift; path = CLLocationCoordinate2D_Mappable.swift; sourceTree = "<group>"; };
		90041E901E0172C900DDBD97 /* HalfwayWatch.app */ = {isa = PBXFileReference; explicitFileType = wrapper.application; includeInIndex = 0; path = HalfwayWatch.app; sourceTree = BUILT_PRODUCTS_DIR; };
		90041E931E0172C900DDBD97 /* Base */ = {isa = PBXFileReference; lastKnownFileType = file.storyboard; name = Base; path = Base.lproj/Interface.storyboard; sourceTree = "<group>"; };
		90041E951E0172C900DDBD97 /* Assets.xcassets */ = {isa = PBXFileReference; lastKnownFileType = folder.assetcatalog; path = Assets.xcassets; sourceTree = "<group>"; };
		90041E971E0172C900DDBD97 /* Info.plist */ = {isa = PBXFileReference; lastKnownFileType = text.plist.xml; path = Info.plist; sourceTree = "<group>"; };
		90041E9C1E0172C900DDBD97 /* HalfwayWatch Extension.appex */ = {isa = PBXFileReference; explicitFileType = "wrapper.app-extension"; includeInIndex = 0; path = "HalfwayWatch Extension.appex"; sourceTree = BUILT_PRODUCTS_DIR; };
		90041EA31E0172C900DDBD97 /* ExtensionDelegate.swift */ = {isa = PBXFileReference; lastKnownFileType = sourcecode.swift; path = ExtensionDelegate.swift; sourceTree = "<group>"; };
		90041EA51E0172C900DDBD97 /* Assets.xcassets */ = {isa = PBXFileReference; lastKnownFileType = folder.assetcatalog; path = Assets.xcassets; sourceTree = "<group>"; };
		90041EA71E0172C900DDBD97 /* Info.plist */ = {isa = PBXFileReference; lastKnownFileType = text.plist.xml; path = Info.plist; sourceTree = "<group>"; };
		90041EB31E01753F00DDBD97 /* ArrivalInterfaceController.swift */ = {isa = PBXFileReference; fileEncoding = 4; lastKnownFileType = sourcecode.swift; path = ArrivalInterfaceController.swift; sourceTree = "<group>"; };
		90041EB51E01759200DDBD97 /* MapInterfaceController.swift */ = {isa = PBXFileReference; fileEncoding = 4; lastKnownFileType = sourcecode.swift; path = MapInterfaceController.swift; sourceTree = "<group>"; };
		9026C1E11E00424F00BACF03 /* AcceptMeetingRequest.swift */ = {isa = PBXFileReference; fileEncoding = 4; lastKnownFileType = sourcecode.swift; path = AcceptMeetingRequest.swift; sourceTree = "<group>"; };
		9028C3ED1E0296EA00F6AEC8 /* WatchNotifier.swift */ = {isa = PBXFileReference; fileEncoding = 4; lastKnownFileType = sourcecode.swift; path = WatchNotifier.swift; sourceTree = "<group>"; };
		9028C3F61E02B56E00F6AEC8 /* MeetingInfo.swift */ = {isa = PBXFileReference; fileEncoding = 4; lastKnownFileType = sourcecode.swift; path = MeetingInfo.swift; sourceTree = "<group>"; };
		9028C3F91E02B9F500F6AEC8 /* LocationInfoInterfaceController.swift */ = {isa = PBXFileReference; fileEncoding = 4; lastKnownFileType = sourcecode.swift; path = LocationInfoInterfaceController.swift; sourceTree = "<group>"; };
		9060F3611DFEAAE600213743 /* GonnaMeetYouHalfway.app */ = {isa = PBXFileReference; explicitFileType = wrapper.application; includeInIndex = 0; path = GonnaMeetYouHalfway.app; sourceTree = BUILT_PRODUCTS_DIR; };
		9060F3641DFEAAE600213743 /* AppDelegate.swift */ = {isa = PBXFileReference; lastKnownFileType = sourcecode.swift; path = AppDelegate.swift; sourceTree = "<group>"; };
		9060F3661DFEAAE600213743 /* ContactViewController.swift */ = {isa = PBXFileReference; lastKnownFileType = sourcecode.swift; path = ContactViewController.swift; sourceTree = "<group>"; };
		9060F3691DFEAAE600213743 /* Base */ = {isa = PBXFileReference; lastKnownFileType = file.storyboard; name = Base; path = Base.lproj/Main.storyboard; sourceTree = "<group>"; };
		9060F36E1DFEAAE600213743 /* Base */ = {isa = PBXFileReference; lastKnownFileType = file.storyboard; name = Base; path = Base.lproj/LaunchScreen.storyboard; sourceTree = "<group>"; };
		9060F3701DFEAAE600213743 /* Info.plist */ = {isa = PBXFileReference; lastKnownFileType = text.plist.xml; path = Info.plist; sourceTree = "<group>"; };
		9060F3771DFEB0AB00213743 /* MeetingRequest.swift */ = {isa = PBXFileReference; fileEncoding = 4; lastKnownFileType = sourcecode.swift; path = MeetingRequest.swift; sourceTree = "<group>"; };
		9060F3791DFEB12800213743 /* MeetingResponse.swift */ = {isa = PBXFileReference; fileEncoding = 4; lastKnownFileType = sourcecode.swift; path = MeetingResponse.swift; sourceTree = "<group>"; };
		9060F37D1DFEB20900213743 /* GonnaMeetAPI.swift */ = {isa = PBXFileReference; fileEncoding = 4; lastKnownFileType = sourcecode.swift; path = GonnaMeetAPI.swift; sourceTree = "<group>"; };
		906874CD1DFEBCB600F4136F /* GonnaMeetClient.swift */ = {isa = PBXFileReference; fileEncoding = 4; lastKnownFileType = sourcecode.swift; path = GonnaMeetClient.swift; sourceTree = "<group>"; };
		906874CF1DFED95700F4136F /* SuggestionRequest.swift */ = {isa = PBXFileReference; fileEncoding = 4; lastKnownFileType = sourcecode.swift; path = SuggestionRequest.swift; sourceTree = "<group>"; };
		906874D11DFEE2AD00F4136F /* RxMqttClient.swift */ = {isa = PBXFileReference; fileEncoding = 4; lastKnownFileType = sourcecode.swift; path = RxMqttClient.swift; sourceTree = "<group>"; };
		906874D31DFF51DC00F4136F /* GonnaMeetError.swift */ = {isa = PBXFileReference; fileEncoding = 4; lastKnownFileType = sourcecode.swift; path = GonnaMeetError.swift; sourceTree = "<group>"; };
		90741C781E00190B001E88E4 /* PlaceSuggestion.swift */ = {isa = PBXFileReference; fileEncoding = 4; lastKnownFileType = sourcecode.swift; path = PlaceSuggestion.swift; sourceTree = "<group>"; };
		90741C7A1E002341001E88E4 /* MeetingSuggestion.swift */ = {isa = PBXFileReference; fileEncoding = 4; lastKnownFileType = sourcecode.swift; path = MeetingSuggestion.swift; sourceTree = "<group>"; };
		90BA3EF21E02F3D4002491D0 /* LocationInfo.swift */ = {isa = PBXFileReference; fileEncoding = 4; lastKnownFileType = sourcecode.swift; path = LocationInfo.swift; sourceTree = "<group>"; };
		90BA3EF61E02F6AB002491D0 /* LocationInfoService.swift */ = {isa = PBXFileReference; fileEncoding = 4; lastKnownFileType = sourcecode.swift; path = LocationInfoService.swift; sourceTree = "<group>"; };
		90BA3EF81E03441F002491D0 /* CLLocationCoordinate2D_Dictionary.swift */ = {isa = PBXFileReference; fileEncoding = 4; lastKnownFileType = sourcecode.swift; path = CLLocationCoordinate2D_Dictionary.swift; sourceTree = "<group>"; };
		B21F807E1E03EA6500CC1C26 /* test-location.gpx */ = {isa = PBXFileReference; lastKnownFileType = text.xml; path = "test-location.gpx"; sourceTree = "<group>"; };
		DD87B0FD7A421D0FDDB1F665 /* Pods-Halfway Widget.release.xcconfig */ = {isa = PBXFileReference; includeInIndex = 1; lastKnownFileType = text.xcconfig; name = "Pods-Halfway Widget.release.xcconfig"; path = "Pods/Target Support Files/Pods-Halfway Widget/Pods-Halfway Widget.release.xcconfig"; sourceTree = "<group>"; };
		EE0FC2721E02C97000463ADD /* UserType.swift */ = {isa = PBXFileReference; fileEncoding = 4; lastKnownFileType = sourcecode.swift; name = UserType.swift; path = Helpers/UserType.swift; sourceTree = "<group>"; };
		EE0FC2741E02CEDA00463ADD /* GonnaMeetRoute.swift */ = {isa = PBXFileReference; fileEncoding = 4; lastKnownFileType = sourcecode.swift; name = GonnaMeetRoute.swift; path = Helpers/GonnaMeetRoute.swift; sourceTree = "<group>"; };
		EE0FC2761E03329600463ADD /* Assets.xcassets */ = {isa = PBXFileReference; lastKnownFileType = folder.assetcatalog; path = Assets.xcassets; sourceTree = "<group>"; };
		EE2D53051E014CD700D839C0 /* MeetingSuggestionViewController.swift */ = {isa = PBXFileReference; fileEncoding = 4; lastKnownFileType = sourcecode.swift; name = MeetingSuggestionViewController.swift; path = ViewControllers/MeetingSuggestionViewController.swift; sourceTree = "<group>"; };
		EE2D53071E0151EA00D839C0 /* MeetingViewModel.swift */ = {isa = PBXFileReference; fileEncoding = 4; lastKnownFileType = sourcecode.swift; name = MeetingViewModel.swift; path = ViewModel/MeetingViewModel.swift; sourceTree = "<group>"; };
		EE31906C1E009BB90045569E /* LocationViewController.swift */ = {isa = PBXFileReference; fileEncoding = 4; lastKnownFileType = sourcecode.swift; name = LocationViewController.swift; path = ViewControllers/LocationViewController.swift; sourceTree = "<group>"; };
		EE3190711E009DA80045569E /* LocationManager.swift */ = {isa = PBXFileReference; fileEncoding = 4; lastKnownFileType = sourcecode.swift; path = LocationManager.swift; sourceTree = "<group>"; };
		EE3190741E00A1D50045569E /* InviteViewModel.swift */ = {isa = PBXFileReference; fileEncoding = 4; lastKnownFileType = sourcecode.swift; name = InviteViewModel.swift; path = ViewModel/InviteViewModel.swift; sourceTree = "<group>"; };
		EE3190751E00A1D50045569E /* LocationViewModel.swift */ = {isa = PBXFileReference; fileEncoding = 4; lastKnownFileType = sourcecode.swift; name = LocationViewModel.swift; path = ViewModel/LocationViewModel.swift; sourceTree = "<group>"; };
		EE31907B1E00BDDB0045569E /* MeetingStatus.swift */ = {isa = PBXFileReference; fileEncoding = 4; lastKnownFileType = sourcecode.swift; name = MeetingStatus.swift; path = Helpers/MeetingStatus.swift; sourceTree = "<group>"; };
		EE4CC8031DFEB56F00E444F7 /* Globals.swift */ = {isa = PBXFileReference; fileEncoding = 4; lastKnownFileType = sourcecode.swift; path = Globals.swift; sourceTree = "<group>"; };
		EE4CC8061DFEB6A300E444F7 /* UIViewControllerExtension.swift */ = {isa = PBXFileReference; fileEncoding = 4; lastKnownFileType = sourcecode.swift; path = UIViewControllerExtension.swift; sourceTree = "<group>"; };
		EE4CC8081DFECE8800E444F7 /* SearchContactViewController.swift */ = {isa = PBXFileReference; fileEncoding = 4; lastKnownFileType = sourcecode.swift; path = SearchContactViewController.swift; sourceTree = "<group>"; };
		EE54420D1DFEDFF000EDC654 /* ContactCell.swift */ = {isa = PBXFileReference; fileEncoding = 4; lastKnownFileType = sourcecode.swift; name = ContactCell.swift; path = Cells/ContactCell.swift; sourceTree = "<group>"; };
		EE6ECA241E01A9B7006DE828 /* NavigationViewController.swift */ = {isa = PBXFileReference; fileEncoding = 4; lastKnownFileType = sourcecode.swift; name = NavigationViewController.swift; path = ViewControllers/NavigationViewController.swift; sourceTree = "<group>"; };
		EE6ECA261E01AD91006DE828 /* AlertHandler.swift */ = {isa = PBXFileReference; fileEncoding = 4; lastKnownFileType = sourcecode.swift; name = AlertHandler.swift; path = Helpers/AlertHandler.swift; sourceTree = "<group>"; };
		EEA094111E035DCD00DD60B5 /* Halfway Widget.appex */ = {isa = PBXFileReference; explicitFileType = "wrapper.app-extension"; includeInIndex = 0; path = "Halfway Widget.appex"; sourceTree = BUILT_PRODUCTS_DIR; };
		EEA094121E035DCD00DD60B5 /* NotificationCenter.framework */ = {isa = PBXFileReference; lastKnownFileType = wrapper.framework; name = NotificationCenter.framework; path = System/Library/Frameworks/NotificationCenter.framework; sourceTree = SDKROOT; };
		EEA094151E035DCD00DD60B5 /* TodayViewController.swift */ = {isa = PBXFileReference; lastKnownFileType = sourcecode.swift; path = TodayViewController.swift; sourceTree = "<group>"; };
		EEA094181E035DCD00DD60B5 /* Base */ = {isa = PBXFileReference; lastKnownFileType = file.storyboard; name = Base; path = Base.lproj/MainInterface.storyboard; sourceTree = "<group>"; };
		EEA0941A1E035DCD00DD60B5 /* Info.plist */ = {isa = PBXFileReference; lastKnownFileType = text.plist.xml; path = Info.plist; sourceTree = "<group>"; };
		EEA12C3F1E01680B008A98CE /* GonnaMeetAnnotation.swift */ = {isa = PBXFileReference; fileEncoding = 4; lastKnownFileType = sourcecode.swift; name = GonnaMeetAnnotation.swift; path = Helpers/GonnaMeetAnnotation.swift; sourceTree = "<group>"; };
		EEA12C451E018B41008A98CE /* GonnaMeetYouHalfway.entitlements */ = {isa = PBXFileReference; lastKnownFileType = text.plist.entitlements; path = GonnaMeetYouHalfway.entitlements; sourceTree = "<group>"; };
/* End PBXFileReference section */

/* Begin PBXFrameworksBuildPhase section */
		55126F5D77D4BAD6E3FE74A7 /* Frameworks */ = {
			isa = PBXFrameworksBuildPhase;
			buildActionMask = 2147483647;
			files = (
			);
			runOnlyForDeploymentPostprocessing = 0;
		};
		90041E991E0172C900DDBD97 /* Frameworks */ = {
			isa = PBXFrameworksBuildPhase;
			buildActionMask = 2147483647;
			files = (
			);
			runOnlyForDeploymentPostprocessing = 0;
		};
		9060F35E1DFEAAE600213743 /* Frameworks */ = {
			isa = PBXFrameworksBuildPhase;
			buildActionMask = 2147483647;
			files = (
				283F36AF21F9428751A4D355 /* Pods_GonnaMeetYouHalfway.framework in Frameworks */,
			);
			runOnlyForDeploymentPostprocessing = 0;
		};
		EEA0940E1E035DCD00DD60B5 /* Frameworks */ = {
			isa = PBXFrameworksBuildPhase;
			buildActionMask = 2147483647;
			files = (
				EEA094131E035DCD00DD60B5 /* NotificationCenter.framework in Frameworks */,
				89B4162ACF33B6EB2187C6FA /* Pods_Halfway_Widget.framework in Frameworks */,
			);
			runOnlyForDeploymentPostprocessing = 0;
		};
/* End PBXFrameworksBuildPhase section */

/* Begin PBXGroup section */
		90041E911E0172C900DDBD97 /* HalfwayWatch */ = {
			isa = PBXGroup;
			children = (
				90041E921E0172C900DDBD97 /* Interface.storyboard */,
				90041E951E0172C900DDBD97 /* Assets.xcassets */,
				90041E971E0172C900DDBD97 /* Info.plist */,
			);
			path = HalfwayWatch;
			sourceTree = "<group>";
		};
		90041EA01E0172C900DDBD97 /* HalfwayWatch Extension */ = {
			isa = PBXGroup;
			children = (
				90041EA31E0172C900DDBD97 /* ExtensionDelegate.swift */,
				90041EA51E0172C900DDBD97 /* Assets.xcassets */,
				90041EA71E0172C900DDBD97 /* Info.plist */,
				90041EB31E01753F00DDBD97 /* ArrivalInterfaceController.swift */,
				90041EB51E01759200DDBD97 /* MapInterfaceController.swift */,
				9028C3F91E02B9F500F6AEC8 /* LocationInfoInterfaceController.swift */,
			);
			path = "HalfwayWatch Extension";
			sourceTree = "<group>";
		};
		9028C3EC1E0296D500F6AEC8 /* Watch */ = {
			isa = PBXGroup;
			children = (
				9028C3ED1E0296EA00F6AEC8 /* WatchNotifier.swift */,
			);
			name = Watch;
			sourceTree = "<group>";
		};
		9028C3F51E02B54700F6AEC8 /* Shared */ = {
			isa = PBXGroup;
			children = (
				9028C3F61E02B56E00F6AEC8 /* MeetingInfo.swift */,
				90BA3EF21E02F3D4002491D0 /* LocationInfo.swift */,
				90BA3EF81E03441F002491D0 /* CLLocationCoordinate2D_Dictionary.swift */,
			);
			name = Shared;
			sourceTree = "<group>";
		};
		9060F3581DFEAAE600213743 = {
			isa = PBXGroup;
			children = (
				B21F807E1E03EA6500CC1C26 /* test-location.gpx */,
				9028C3F51E02B54700F6AEC8 /* Shared */,
				9060F3631DFEAAE600213743 /* GonnaMeetYouHalfway */,
				90041E911E0172C900DDBD97 /* HalfwayWatch */,
				90041EA01E0172C900DDBD97 /* HalfwayWatch Extension */,
				EEA094141E035DCD00DD60B5 /* Halfway Widget */,
				9060F3621DFEAAE600213743 /* Products */,
				B58DEBF5039DB340F80B740C /* Pods */,
				E6E80DAF6BE16F2315FBC6BD /* Frameworks */,
			);
			sourceTree = "<group>";
		};
		9060F3621DFEAAE600213743 /* Products */ = {
			isa = PBXGroup;
			children = (
				9060F3611DFEAAE600213743 /* GonnaMeetYouHalfway.app */,
				90041E901E0172C900DDBD97 /* HalfwayWatch.app */,
				90041E9C1E0172C900DDBD97 /* HalfwayWatch Extension.appex */,
				EEA094111E035DCD00DD60B5 /* Halfway Widget.appex */,
			);
			name = Products;
			sourceTree = "<group>";
		};
		9060F3631DFEAAE600213743 /* GonnaMeetYouHalfway */ = {
			isa = PBXGroup;
			children = (
				90BA3EF51E02F697002491D0 /* Services */,
				9028C3EC1E0296D500F6AEC8 /* Watch */,
				EEA12C451E018B41008A98CE /* GonnaMeetYouHalfway.entitlements */,
				EE3190731E00A1BE0045569E /* ViewModel */,
				EE3190701E009D980045569E /* Helpers */,
				EE31906B1E009BA80045569E /* ViewControllers */,
				EE54420F1DFEDFF500EDC654 /* Cells */,
				EE4CC8051DFEB69300E444F7 /* Extensions */,
				9060F37C1DFEB1F200213743 /* Network */,
				9060F3761DFEB05500213743 /* Model */,
				9060F3641DFEAAE600213743 /* AppDelegate.swift */,
				9060F3681DFEAAE600213743 /* Main.storyboard */,
				9060F36D1DFEAAE600213743 /* LaunchScreen.storyboard */,
				9060F3701DFEAAE600213743 /* Info.plist */,
				EE4CC8031DFEB56F00E444F7 /* Globals.swift */,
				EE0FC2761E03329600463ADD /* Assets.xcassets */,
			);
			path = GonnaMeetYouHalfway;
			sourceTree = "<group>";
		};
		9060F3761DFEB05500213743 /* Model */ = {
			isa = PBXGroup;
			children = (
				9060F3771DFEB0AB00213743 /* MeetingRequest.swift */,
				9060F3791DFEB12800213743 /* MeetingResponse.swift */,
				906874CF1DFED95700F4136F /* SuggestionRequest.swift */,
				90741C781E00190B001E88E4 /* PlaceSuggestion.swift */,
				90741C7A1E002341001E88E4 /* MeetingSuggestion.swift */,
				9026C1E11E00424F00BACF03 /* AcceptMeetingRequest.swift */,
			);
			name = Model;
			sourceTree = "<group>";
		};
		9060F37C1DFEB1F200213743 /* Network */ = {
			isa = PBXGroup;
			children = (
				9060F37D1DFEB20900213743 /* GonnaMeetAPI.swift */,
				906874CD1DFEBCB600F4136F /* GonnaMeetClient.swift */,
				906874D11DFEE2AD00F4136F /* RxMqttClient.swift */,
				906874D31DFF51DC00F4136F /* GonnaMeetError.swift */,
			);
			name = Network;
			sourceTree = "<group>";
		};
		90BA3EF51E02F697002491D0 /* Services */ = {
			isa = PBXGroup;
			children = (
				90BA3EF61E02F6AB002491D0 /* LocationInfoService.swift */,
			);
			name = Services;
			sourceTree = "<group>";
		};
		B58DEBF5039DB340F80B740C /* Pods */ = {
			isa = PBXGroup;
			children = (
				8201DA6CAC7D5D282D664A15 /* Pods-GonnaMeetYouHalfway.debug.xcconfig */,
				8EA338C6C9937B0F5D67045C /* Pods-GonnaMeetYouHalfway.release.xcconfig */,
				2828B6FF2FE8D7F6C26D6A93 /* Pods-Halfway Widget.debug.xcconfig */,
				DD87B0FD7A421D0FDDB1F665 /* Pods-Halfway Widget.release.xcconfig */,
			);
			name = Pods;
			sourceTree = "<group>";
		};
		E6E80DAF6BE16F2315FBC6BD /* Frameworks */ = {
			isa = PBXGroup;
			children = (
				8D923706F2C9DCF4BA8A1CF6 /* Pods_GonnaMeetYouHalfway.framework */,
				EEA094121E035DCD00DD60B5 /* NotificationCenter.framework */,
				3D7E757CD52DA60AD1A328BC /* Pods_Halfway_Widget.framework */,
			);
			name = Frameworks;
			sourceTree = "<group>";
		};
		EE31906B1E009BA80045569E /* ViewControllers */ = {
			isa = PBXGroup;
			children = (
				9060F3661DFEAAE600213743 /* ContactViewController.swift */,
				EE4CC8081DFECE8800E444F7 /* SearchContactViewController.swift */,
				EE31906C1E009BB90045569E /* LocationViewController.swift */,
				EE2D53051E014CD700D839C0 /* MeetingSuggestionViewController.swift */,
				EE6ECA241E01A9B7006DE828 /* NavigationViewController.swift */,
			);
			name = ViewControllers;
			sourceTree = "<group>";
		};
		EE3190701E009D980045569E /* Helpers */ = {
			isa = PBXGroup;
			children = (
				EE3190711E009DA80045569E /* LocationManager.swift */,
				EE31907B1E00BDDB0045569E /* MeetingStatus.swift */,
				EEA12C3F1E01680B008A98CE /* GonnaMeetAnnotation.swift */,
				EE6ECA261E01AD91006DE828 /* AlertHandler.swift */,
				EE0FC2721E02C97000463ADD /* UserType.swift */,
				EE0FC2741E02CEDA00463ADD /* GonnaMeetRoute.swift */,
			);
			name = Helpers;
			sourceTree = "<group>";
		};
		EE3190731E00A1BE0045569E /* ViewModel */ = {
			isa = PBXGroup;
			children = (
				EE3190741E00A1D50045569E /* InviteViewModel.swift */,
				EE3190751E00A1D50045569E /* LocationViewModel.swift */,
				EE2D53071E0151EA00D839C0 /* MeetingViewModel.swift */,
			);
			name = ViewModel;
			sourceTree = "<group>";
		};
		EE4CC8051DFEB69300E444F7 /* Extensions */ = {
			isa = PBXGroup;
			children = (
				EE4CC8061DFEB6A300E444F7 /* UIViewControllerExtension.swift */,
				90041E671E01681D00DDBD97 /* CLLocationCoordinate2D_Mappable.swift */,
			);
			name = Extensions;
			sourceTree = "<group>";
		};
		EE54420F1DFEDFF500EDC654 /* Cells */ = {
			isa = PBXGroup;
			children = (
				EE54420D1DFEDFF000EDC654 /* ContactCell.swift */,
			);
			name = Cells;
			sourceTree = "<group>";
		};
		EEA094141E035DCD00DD60B5 /* Halfway Widget */ = {
			isa = PBXGroup;
			children = (
				EEA094151E035DCD00DD60B5 /* TodayViewController.swift */,
				EEA094171E035DCD00DD60B5 /* MainInterface.storyboard */,
				EEA0941A1E035DCD00DD60B5 /* Info.plist */,
			);
			path = "Halfway Widget";
			sourceTree = "<group>";
		};
/* End PBXGroup section */

/* Begin PBXNativeTarget section */
		90041E8F1E0172C900DDBD97 /* HalfwayWatch */ = {
			isa = PBXNativeTarget;
			buildConfigurationList = 90041EB11E0172C900DDBD97 /* Build configuration list for PBXNativeTarget "HalfwayWatch" */;
			buildPhases = (
				90041E8E1E0172C900DDBD97 /* Resources */,
				90041EB01E0172C900DDBD97 /* Embed App Extensions */,
				55126F5D77D4BAD6E3FE74A7 /* Frameworks */,
			);
			buildRules = (
			);
			dependencies = (
				90041E9F1E0172C900DDBD97 /* PBXTargetDependency */,
			);
			name = HalfwayWatch;
			productName = HalfwayWatch;
			productReference = 90041E901E0172C900DDBD97 /* HalfwayWatch.app */;
			productType = "com.apple.product-type.application.watchapp2";
		};
		90041E9B1E0172C900DDBD97 /* HalfwayWatch Extension */ = {
			isa = PBXNativeTarget;
			buildConfigurationList = 90041EAF1E0172C900DDBD97 /* Build configuration list for PBXNativeTarget "HalfwayWatch Extension" */;
			buildPhases = (
				90041E981E0172C900DDBD97 /* Sources */,
				90041E991E0172C900DDBD97 /* Frameworks */,
				90041E9A1E0172C900DDBD97 /* Resources */,
			);
			buildRules = (
			);
			dependencies = (
			);
			name = "HalfwayWatch Extension";
			productName = "HalfwayWatch Extension";
			productReference = 90041E9C1E0172C900DDBD97 /* HalfwayWatch Extension.appex */;
			productType = "com.apple.product-type.watchkit2-extension";
		};
		9060F3601DFEAAE600213743 /* GonnaMeetYouHalfway */ = {
			isa = PBXNativeTarget;
			buildConfigurationList = 9060F3731DFEAAE600213743 /* Build configuration list for PBXNativeTarget "GonnaMeetYouHalfway" */;
			buildPhases = (
				970E22AA65630BF8ECDB19E0 /* [CP] Check Pods Manifest.lock */,
				9060F35D1DFEAAE600213743 /* Sources */,
				9060F35E1DFEAAE600213743 /* Frameworks */,
				9060F35F1DFEAAE600213743 /* Resources */,
				EF728431292DF64DD7A3B03F /* [CP] Embed Pods Frameworks */,
				0B5F1083437C2A41BE06568E /* [CP] Copy Pods Resources */,
				90041EB21E0172C900DDBD97 /* Embed Watch Content */,
				EEA094211E035DCD00DD60B5 /* Embed App Extensions */,
			);
			buildRules = (
			);
			dependencies = (
				90041EA91E0172C900DDBD97 /* PBXTargetDependency */,
				EEA0941C1E035DCD00DD60B5 /* PBXTargetDependency */,
			);
			name = GonnaMeetYouHalfway;
			productName = GonnaMeetYouHalfway;
			productReference = 9060F3611DFEAAE600213743 /* GonnaMeetYouHalfway.app */;
			productType = "com.apple.product-type.application";
		};
		EEA094101E035DCD00DD60B5 /* Halfway Widget */ = {
			isa = PBXNativeTarget;
			buildConfigurationList = EEA094201E035DCD00DD60B5 /* Build configuration list for PBXNativeTarget "Halfway Widget" */;
			buildPhases = (
				28ACC042709707BFC50DC4C4 /* [CP] Check Pods Manifest.lock */,
				EEA0940D1E035DCD00DD60B5 /* Sources */,
				EEA0940E1E035DCD00DD60B5 /* Frameworks */,
				EEA0940F1E035DCD00DD60B5 /* Resources */,
				DD92D04533373CE6376039C0 /* [CP] Copy Pods Resources */,
			);
			buildRules = (
			);
			dependencies = (
			);
			name = "Halfway Widget";
			productName = "Halfway Widget";
			productReference = EEA094111E035DCD00DD60B5 /* Halfway Widget.appex */;
			productType = "com.apple.product-type.app-extension";
		};
/* End PBXNativeTarget section */

/* Begin PBXProject section */
		9060F3591DFEAAE600213743 /* Project object */ = {
			isa = PBXProject;
			attributes = {
				LastSwiftUpdateCheck = 0810;
				LastUpgradeCheck = 0810;
				ORGANIZATIONNAME = Codequest;
				TargetAttributes = {
					90041E8F1E0172C900DDBD97 = {
						CreatedOnToolsVersion = 8.1;
						DevelopmentTeam = W5SLRW4B3C;
						ProvisioningStyle = Automatic;
					};
					90041E9B1E0172C900DDBD97 = {
						CreatedOnToolsVersion = 8.1;
						DevelopmentTeam = W5SLRW4B3C;
						ProvisioningStyle = Automatic;
					};
					9060F3601DFEAAE600213743 = {
						CreatedOnToolsVersion = 8.1;
						DevelopmentTeam = W5SLRW4B3C;
						ProvisioningStyle = Automatic;
						SystemCapabilities = {
							com.apple.SafariKeychain = {
								enabled = 1;
							};
						};
					};
					EEA094101E035DCD00DD60B5 = {
						CreatedOnToolsVersion = 8.1;
						DevelopmentTeam = W5SLRW4B3C;
						ProvisioningStyle = Automatic;
					};
				};
			};
			buildConfigurationList = 9060F35C1DFEAAE600213743 /* Build configuration list for PBXProject "GonnaMeetYouHalfway" */;
			compatibilityVersion = "Xcode 3.2";
			developmentRegion = English;
			hasScannedForEncodings = 0;
			knownRegions = (
				en,
				Base,
			);
			mainGroup = 9060F3581DFEAAE600213743;
			productRefGroup = 9060F3621DFEAAE600213743 /* Products */;
			projectDirPath = "";
			projectRoot = "";
			targets = (
				9060F3601DFEAAE600213743 /* GonnaMeetYouHalfway */,
				90041E8F1E0172C900DDBD97 /* HalfwayWatch */,
				90041E9B1E0172C900DDBD97 /* HalfwayWatch Extension */,
				EEA094101E035DCD00DD60B5 /* Halfway Widget */,
			);
		};
/* End PBXProject section */

/* Begin PBXResourcesBuildPhase section */
		90041E8E1E0172C900DDBD97 /* Resources */ = {
			isa = PBXResourcesBuildPhase;
			buildActionMask = 2147483647;
			files = (
				90041E961E0172C900DDBD97 /* Assets.xcassets in Resources */,
				90041E941E0172C900DDBD97 /* Interface.storyboard in Resources */,
			);
			runOnlyForDeploymentPostprocessing = 0;
		};
		90041E9A1E0172C900DDBD97 /* Resources */ = {
			isa = PBXResourcesBuildPhase;
			buildActionMask = 2147483647;
			files = (
				90041EA61E0172C900DDBD97 /* Assets.xcassets in Resources */,
			);
			runOnlyForDeploymentPostprocessing = 0;
		};
		9060F35F1DFEAAE600213743 /* Resources */ = {
			isa = PBXResourcesBuildPhase;
			buildActionMask = 2147483647;
			files = (
				9060F36F1DFEAAE600213743 /* LaunchScreen.storyboard in Resources */,
				EE0FC2771E03329600463ADD /* Assets.xcassets in Resources */,
				9060F36A1DFEAAE600213743 /* Main.storyboard in Resources */,
			);
			runOnlyForDeploymentPostprocessing = 0;
		};
		EEA0940F1E035DCD00DD60B5 /* Resources */ = {
			isa = PBXResourcesBuildPhase;
			buildActionMask = 2147483647;
			files = (
				EEA094191E035DCD00DD60B5 /* MainInterface.storyboard in Resources */,
			);
			runOnlyForDeploymentPostprocessing = 0;
		};
/* End PBXResourcesBuildPhase section */

/* Begin PBXShellScriptBuildPhase section */
		0B5F1083437C2A41BE06568E /* [CP] Copy Pods Resources */ = {
			isa = PBXShellScriptBuildPhase;
			buildActionMask = 2147483647;
			files = (
			);
			inputPaths = (
			);
			name = "[CP] Copy Pods Resources";
			outputPaths = (
			);
			runOnlyForDeploymentPostprocessing = 0;
			shellPath = /bin/sh;
			shellScript = "\"${SRCROOT}/Pods/Target Support Files/Pods-GonnaMeetYouHalfway/Pods-GonnaMeetYouHalfway-resources.sh\"\n";
			showEnvVarsInLog = 0;
		};
		28ACC042709707BFC50DC4C4 /* [CP] Check Pods Manifest.lock */ = {
			isa = PBXShellScriptBuildPhase;
			buildActionMask = 2147483647;
			files = (
			);
			inputPaths = (
			);
			name = "[CP] Check Pods Manifest.lock";
			outputPaths = (
			);
			runOnlyForDeploymentPostprocessing = 0;
			shellPath = /bin/sh;
			shellScript = "diff \"${PODS_ROOT}/../Podfile.lock\" \"${PODS_ROOT}/Manifest.lock\" > /dev/null\nif [ $? != 0 ] ; then\n    # print error to STDERR\n    echo \"error: The sandbox is not in sync with the Podfile.lock. Run 'pod install' or update your CocoaPods installation.\" >&2\n    exit 1\nfi\n";
			showEnvVarsInLog = 0;
		};
		970E22AA65630BF8ECDB19E0 /* [CP] Check Pods Manifest.lock */ = {
			isa = PBXShellScriptBuildPhase;
			buildActionMask = 2147483647;
			files = (
			);
			inputPaths = (
			);
			name = "[CP] Check Pods Manifest.lock";
			outputPaths = (
			);
			runOnlyForDeploymentPostprocessing = 0;
			shellPath = /bin/sh;
			shellScript = "diff \"${PODS_ROOT}/../Podfile.lock\" \"${PODS_ROOT}/Manifest.lock\" > /dev/null\nif [ $? != 0 ] ; then\n    # print error to STDERR\n    echo \"error: The sandbox is not in sync with the Podfile.lock. Run 'pod install' or update your CocoaPods installation.\" >&2\n    exit 1\nfi\n";
			showEnvVarsInLog = 0;
		};
		DD92D04533373CE6376039C0 /* [CP] Copy Pods Resources */ = {
			isa = PBXShellScriptBuildPhase;
			buildActionMask = 2147483647;
			files = (
			);
			inputPaths = (
			);
			name = "[CP] Copy Pods Resources";
			outputPaths = (
			);
			runOnlyForDeploymentPostprocessing = 0;
			shellPath = /bin/sh;
			shellScript = "\"${SRCROOT}/Pods/Target Support Files/Pods-Halfway Widget/Pods-Halfway Widget-resources.sh\"\n";
			showEnvVarsInLog = 0;
		};
		EF728431292DF64DD7A3B03F /* [CP] Embed Pods Frameworks */ = {
			isa = PBXShellScriptBuildPhase;
			buildActionMask = 2147483647;
			files = (
			);
			inputPaths = (
			);
			name = "[CP] Embed Pods Frameworks";
			outputPaths = (
			);
			runOnlyForDeploymentPostprocessing = 0;
			shellPath = /bin/sh;
			shellScript = "\"${SRCROOT}/Pods/Target Support Files/Pods-GonnaMeetYouHalfway/Pods-GonnaMeetYouHalfway-frameworks.sh\"\n";
			showEnvVarsInLog = 0;
		};
/* End PBXShellScriptBuildPhase section */

/* Begin PBXSourcesBuildPhase section */
		90041E981E0172C900DDBD97 /* Sources */ = {
			isa = PBXSourcesBuildPhase;
			buildActionMask = 2147483647;
			files = (
				90BA3EF41E02F3D4002491D0 /* LocationInfo.swift in Sources */,
				90041EA41E0172C900DDBD97 /* ExtensionDelegate.swift in Sources */,
				9028C3FB1E02B9F500F6AEC8 /* LocationInfoInterfaceController.swift in Sources */,
				90BA3EFA1E03441F002491D0 /* CLLocationCoordinate2D_Dictionary.swift in Sources */,
				90041EB41E01753F00DDBD97 /* ArrivalInterfaceController.swift in Sources */,
				9028C3F81E02B56E00F6AEC8 /* MeetingInfo.swift in Sources */,
				90041EB61E01759200DDBD97 /* MapInterfaceController.swift in Sources */,
			);
			runOnlyForDeploymentPostprocessing = 0;
		};
		9060F35D1DFEAAE600213743 /* Sources */ = {
			isa = PBXSourcesBuildPhase;
			buildActionMask = 2147483647;
			files = (
				90041EB81E0180FD00DDBD97 /* GonnaMeetAPI.swift in Sources */,
				90041EB91E0180FD00DDBD97 /* MeetingResponse.swift in Sources */,
				906874D41DFF51DC00F4136F /* GonnaMeetError.swift in Sources */,
				EE0FC2731E02C97000463ADD /* UserType.swift in Sources */,
				9026C1E21E00424F00BACF03 /* AcceptMeetingRequest.swift in Sources */,
				906874D21DFEE2AD00F4136F /* RxMqttClient.swift in Sources */,
				EE3190721E009DA80045569E /* LocationManager.swift in Sources */,
				EE2D53061E014CD700D839C0 /* MeetingSuggestionViewController.swift in Sources */,
				90741C791E00190B001E88E4 /* PlaceSuggestion.swift in Sources */,
				90741C7B1E002341001E88E4 /* MeetingSuggestion.swift in Sources */,
				EEA12C401E01680B008A98CE /* GonnaMeetAnnotation.swift in Sources */,
				EE54420E1DFEDFF000EDC654 /* ContactCell.swift in Sources */,
				EE2D53081E0151EA00D839C0 /* MeetingViewModel.swift in Sources */,
				90BA3EF71E02F6AB002491D0 /* LocationInfoService.swift in Sources */,
				EE4CC8091DFECE8800E444F7 /* SearchContactViewController.swift in Sources */,
				EE4CC8071DFEB6A300E444F7 /* UIViewControllerExtension.swift in Sources */,
				9028C3F71E02B56E00F6AEC8 /* MeetingInfo.swift in Sources */,
				EE3190771E00A1D50045569E /* LocationViewModel.swift in Sources */,
				EE6ECA251E01A9B7006DE828 /* NavigationViewController.swift in Sources */,
				90BA3EF31E02F3D4002491D0 /* LocationInfo.swift in Sources */,
				EE31906D1E009BB90045569E /* LocationViewController.swift in Sources */,
				EE4CC8041DFEB56F00E444F7 /* Globals.swift in Sources */,
				EE33F98E1E001364009297BB /* ContactViewController.swift in Sources */,
				EE3190761E00A1D50045569E /* InviteViewModel.swift in Sources */,
				EE3190781E00A2080045569E /* GonnaMeetClient.swift in Sources */,
				EE6ECA271E01AD91006DE828 /* AlertHandler.swift in Sources */,
				906874D01DFED95700F4136F /* SuggestionRequest.swift in Sources */,
				EE0FC2751E02CEDA00463ADD /* GonnaMeetRoute.swift in Sources */,
				9060F3651DFEAAE600213743 /* AppDelegate.swift in Sources */,
				EE31907C1E00BDDB0045569E /* MeetingStatus.swift in Sources */,
				9060F3781DFEB0AB00213743 /* MeetingRequest.swift in Sources */,
				90041E681E01681D00DDBD97 /* CLLocationCoordinate2D_Mappable.swift in Sources */,
				9028C3EE1E0296EA00F6AEC8 /* WatchNotifier.swift in Sources */,
				90BA3EF91E03441F002491D0 /* CLLocationCoordinate2D_Dictionary.swift in Sources */,
			);
			runOnlyForDeploymentPostprocessing = 0;
		};
		EEA0940D1E035DCD00DD60B5 /* Sources */ = {
			isa = PBXSourcesBuildPhase;
			buildActionMask = 2147483647;
			files = (
				EEA094281E03E68000DD60B5 /* MeetingResponse.swift in Sources */,
				EEA0942C1E03E7FB00DD60B5 /* PlaceSuggestion.swift in Sources */,
				EEA0942D1E03E80600DD60B5 /* MeetingSuggestion.swift in Sources */,
				EEA094301E03E90600DD60B5 /* SuggestionRequest.swift in Sources */,
				EEA0942E1E03E8FC00DD60B5 /* MeetingRequest.swift in Sources */,
				EEA094231E03657F00DD60B5 /* LocationInfo.swift in Sources */,
				EEA0942F1E03E90100DD60B5 /* AcceptMeetingRequest.swift in Sources */,
				EEA094241E03DF0D00DD60B5 /* CLLocationCoordinate2D_Dictionary.swift in Sources */,
				EEA0942A1E03E7E400DD60B5 /* GonnaMeetAPI.swift in Sources */,
				EEA094321E03E9F700DD60B5 /* GonnaMeetError.swift in Sources */,
				EEA094251E03E1FF00DD60B5 /* LocationInfoService.swift in Sources */,
				EEA094291E03E6C100DD60B5 /* GonnaMeetClient.swift in Sources */,
				EEA094271E03E67300DD60B5 /* LocationManager.swift in Sources */,
				EEA094161E035DCD00DD60B5 /* TodayViewController.swift in Sources */,
				EEA094311E03E95300DD60B5 /* CLLocationCoordinate2D_Mappable.swift in Sources */,
				EEA0942B1E03E7F300DD60B5 /* RxMqttClient.swift in Sources */,
				EEA094221E03642700DD60B5 /* MeetingInfo.swift in Sources */,
			);
			runOnlyForDeploymentPostprocessing = 0;
		};
/* End PBXSourcesBuildPhase section */

/* Begin PBXTargetDependency section */
		90041E9F1E0172C900DDBD97 /* PBXTargetDependency */ = {
			isa = PBXTargetDependency;
			target = 90041E9B1E0172C900DDBD97 /* HalfwayWatch Extension */;
			targetProxy = 90041E9E1E0172C900DDBD97 /* PBXContainerItemProxy */;
		};
		90041EA91E0172C900DDBD97 /* PBXTargetDependency */ = {
			isa = PBXTargetDependency;
			target = 90041E8F1E0172C900DDBD97 /* HalfwayWatch */;
			targetProxy = 90041EA81E0172C900DDBD97 /* PBXContainerItemProxy */;
		};
		EEA0941C1E035DCD00DD60B5 /* PBXTargetDependency */ = {
			isa = PBXTargetDependency;
			target = EEA094101E035DCD00DD60B5 /* Halfway Widget */;
			targetProxy = EEA0941B1E035DCD00DD60B5 /* PBXContainerItemProxy */;
		};
/* End PBXTargetDependency section */

/* Begin PBXVariantGroup section */
		90041E921E0172C900DDBD97 /* Interface.storyboard */ = {
			isa = PBXVariantGroup;
			children = (
				90041E931E0172C900DDBD97 /* Base */,
			);
			name = Interface.storyboard;
			sourceTree = "<group>";
		};
		9060F3681DFEAAE600213743 /* Main.storyboard */ = {
			isa = PBXVariantGroup;
			children = (
				9060F3691DFEAAE600213743 /* Base */,
			);
			name = Main.storyboard;
			sourceTree = "<group>";
		};
		9060F36D1DFEAAE600213743 /* LaunchScreen.storyboard */ = {
			isa = PBXVariantGroup;
			children = (
				9060F36E1DFEAAE600213743 /* Base */,
			);
			name = LaunchScreen.storyboard;
			sourceTree = "<group>";
		};
		EEA094171E035DCD00DD60B5 /* MainInterface.storyboard */ = {
			isa = PBXVariantGroup;
			children = (
				EEA094181E035DCD00DD60B5 /* Base */,
			);
			name = MainInterface.storyboard;
			sourceTree = "<group>";
		};
/* End PBXVariantGroup section */

/* Begin XCBuildConfiguration section */
		90041EAB1E0172C900DDBD97 /* Debug */ = {
			isa = XCBuildConfiguration;
			buildSettings = {
				ALWAYS_EMBED_SWIFT_STANDARD_LIBRARIES = YES;
				ASSETCATALOG_COMPILER_APPICON_NAME = AppIcon;
				DEVELOPMENT_TEAM = W5SLRW4B3C;
				IBSC_MODULE = HalfwayWatch_Extension;
				INFOPLIST_FILE = HalfwayWatch/Info.plist;
				PRODUCT_BUNDLE_IDENTIFIER = com.codequest.GonnaMeetYouHalfway.watchkitapp;
				PRODUCT_NAME = "$(TARGET_NAME)";
				SDKROOT = watchos;
				SKIP_INSTALL = YES;
				SWIFT_VERSION = 3.0;
				TARGETED_DEVICE_FAMILY = 4;
				WATCHOS_DEPLOYMENT_TARGET = 3.1;
			};
			name = Debug;
		};
		90041EAC1E0172C900DDBD97 /* Release */ = {
			isa = XCBuildConfiguration;
			buildSettings = {
				ALWAYS_EMBED_SWIFT_STANDARD_LIBRARIES = YES;
				ASSETCATALOG_COMPILER_APPICON_NAME = AppIcon;
				DEVELOPMENT_TEAM = W5SLRW4B3C;
				IBSC_MODULE = HalfwayWatch_Extension;
				INFOPLIST_FILE = HalfwayWatch/Info.plist;
				PRODUCT_BUNDLE_IDENTIFIER = com.codequest.GonnaMeetYouHalfway.watchkitapp;
				PRODUCT_NAME = "$(TARGET_NAME)";
				SDKROOT = watchos;
				SKIP_INSTALL = YES;
				SWIFT_VERSION = 3.0;
				TARGETED_DEVICE_FAMILY = 4;
				WATCHOS_DEPLOYMENT_TARGET = 3.1;
			};
			name = Release;
		};
		90041EAD1E0172C900DDBD97 /* Debug */ = {
			isa = XCBuildConfiguration;
			buildSettings = {
				ASSETCATALOG_COMPILER_COMPLICATION_NAME = Complication;
				DEVELOPMENT_TEAM = W5SLRW4B3C;
				INFOPLIST_FILE = "HalfwayWatch Extension/Info.plist";
				LD_RUNPATH_SEARCH_PATHS = "$(inherited) @executable_path/Frameworks @executable_path/../../Frameworks";
				PRODUCT_BUNDLE_IDENTIFIER = com.codequest.GonnaMeetYouHalfway.watchkitapp.watchkitextension;
				PRODUCT_NAME = "${TARGET_NAME}";
				SDKROOT = watchos;
				SKIP_INSTALL = YES;
				SWIFT_VERSION = 3.0;
				TARGETED_DEVICE_FAMILY = 4;
				WATCHOS_DEPLOYMENT_TARGET = 3.1;
			};
			name = Debug;
		};
		90041EAE1E0172C900DDBD97 /* Release */ = {
			isa = XCBuildConfiguration;
			buildSettings = {
				ASSETCATALOG_COMPILER_COMPLICATION_NAME = Complication;
				DEVELOPMENT_TEAM = W5SLRW4B3C;
				INFOPLIST_FILE = "HalfwayWatch Extension/Info.plist";
				LD_RUNPATH_SEARCH_PATHS = "$(inherited) @executable_path/Frameworks @executable_path/../../Frameworks";
				PRODUCT_BUNDLE_IDENTIFIER = com.codequest.GonnaMeetYouHalfway.watchkitapp.watchkitextension;
				PRODUCT_NAME = "${TARGET_NAME}";
				SDKROOT = watchos;
				SKIP_INSTALL = YES;
				SWIFT_VERSION = 3.0;
				TARGETED_DEVICE_FAMILY = 4;
				WATCHOS_DEPLOYMENT_TARGET = 3.1;
			};
			name = Release;
		};
		9060F3711DFEAAE600213743 /* Debug */ = {
			isa = XCBuildConfiguration;
			buildSettings = {
				ALWAYS_SEARCH_USER_PATHS = NO;
				CLANG_ANALYZER_NONNULL = YES;
				CLANG_CXX_LANGUAGE_STANDARD = "gnu++0x";
				CLANG_CXX_LIBRARY = "libc++";
				CLANG_ENABLE_MODULES = YES;
				CLANG_ENABLE_OBJC_ARC = YES;
				CLANG_WARN_BOOL_CONVERSION = YES;
				CLANG_WARN_CONSTANT_CONVERSION = YES;
				CLANG_WARN_DIRECT_OBJC_ISA_USAGE = YES_ERROR;
				CLANG_WARN_DOCUMENTATION_COMMENTS = YES;
				CLANG_WARN_EMPTY_BODY = YES;
				CLANG_WARN_ENUM_CONVERSION = YES;
				CLANG_WARN_INFINITE_RECURSION = YES;
				CLANG_WARN_INT_CONVERSION = YES;
				CLANG_WARN_OBJC_ROOT_CLASS = YES_ERROR;
				CLANG_WARN_SUSPICIOUS_MOVES = YES;
				CLANG_WARN_UNREACHABLE_CODE = YES;
				CLANG_WARN__DUPLICATE_METHOD_MATCH = YES;
				"CODE_SIGN_IDENTITY[sdk=iphoneos*]" = "iPhone Developer";
				COPY_PHASE_STRIP = NO;
				DEBUG_INFORMATION_FORMAT = dwarf;
				ENABLE_STRICT_OBJC_MSGSEND = YES;
				ENABLE_TESTABILITY = YES;
				GCC_C_LANGUAGE_STANDARD = gnu99;
				GCC_DYNAMIC_NO_PIC = NO;
				GCC_NO_COMMON_BLOCKS = YES;
				GCC_OPTIMIZATION_LEVEL = 0;
				GCC_PREPROCESSOR_DEFINITIONS = (
					"DEBUG=1",
					"$(inherited)",
				);
				GCC_WARN_64_TO_32_BIT_CONVERSION = YES;
				GCC_WARN_ABOUT_RETURN_TYPE = YES_ERROR;
				GCC_WARN_UNDECLARED_SELECTOR = YES;
				GCC_WARN_UNINITIALIZED_AUTOS = YES_AGGRESSIVE;
				GCC_WARN_UNUSED_FUNCTION = YES;
				GCC_WARN_UNUSED_VARIABLE = YES;
				IPHONEOS_DEPLOYMENT_TARGET = 10.1;
				MTL_ENABLE_DEBUG_INFO = YES;
				ONLY_ACTIVE_ARCH = YES;
				SDKROOT = iphoneos;
				SWIFT_ACTIVE_COMPILATION_CONDITIONS = DEBUG;
				SWIFT_OPTIMIZATION_LEVEL = "-Onone";
			};
			name = Debug;
		};
		9060F3721DFEAAE600213743 /* Release */ = {
			isa = XCBuildConfiguration;
			buildSettings = {
				ALWAYS_SEARCH_USER_PATHS = NO;
				CLANG_ANALYZER_NONNULL = YES;
				CLANG_CXX_LANGUAGE_STANDARD = "gnu++0x";
				CLANG_CXX_LIBRARY = "libc++";
				CLANG_ENABLE_MODULES = YES;
				CLANG_ENABLE_OBJC_ARC = YES;
				CLANG_WARN_BOOL_CONVERSION = YES;
				CLANG_WARN_CONSTANT_CONVERSION = YES;
				CLANG_WARN_DIRECT_OBJC_ISA_USAGE = YES_ERROR;
				CLANG_WARN_DOCUMENTATION_COMMENTS = YES;
				CLANG_WARN_EMPTY_BODY = YES;
				CLANG_WARN_ENUM_CONVERSION = YES;
				CLANG_WARN_INFINITE_RECURSION = YES;
				CLANG_WARN_INT_CONVERSION = YES;
				CLANG_WARN_OBJC_ROOT_CLASS = YES_ERROR;
				CLANG_WARN_SUSPICIOUS_MOVES = YES;
				CLANG_WARN_UNREACHABLE_CODE = YES;
				CLANG_WARN__DUPLICATE_METHOD_MATCH = YES;
				"CODE_SIGN_IDENTITY[sdk=iphoneos*]" = "iPhone Developer";
				COPY_PHASE_STRIP = NO;
				DEBUG_INFORMATION_FORMAT = "dwarf-with-dsym";
				ENABLE_NS_ASSERTIONS = NO;
				ENABLE_STRICT_OBJC_MSGSEND = YES;
				GCC_C_LANGUAGE_STANDARD = gnu99;
				GCC_NO_COMMON_BLOCKS = YES;
				GCC_WARN_64_TO_32_BIT_CONVERSION = YES;
				GCC_WARN_ABOUT_RETURN_TYPE = YES_ERROR;
				GCC_WARN_UNDECLARED_SELECTOR = YES;
				GCC_WARN_UNINITIALIZED_AUTOS = YES_AGGRESSIVE;
				GCC_WARN_UNUSED_FUNCTION = YES;
				GCC_WARN_UNUSED_VARIABLE = YES;
				IPHONEOS_DEPLOYMENT_TARGET = 10.1;
				MTL_ENABLE_DEBUG_INFO = NO;
				SDKROOT = iphoneos;
				SWIFT_OPTIMIZATION_LEVEL = "-Owholemodule";
				VALIDATE_PRODUCT = YES;
			};
			name = Release;
		};
		9060F3741DFEAAE600213743 /* Debug */ = {
			isa = XCBuildConfiguration;
			baseConfigurationReference = 8201DA6CAC7D5D282D664A15 /* Pods-GonnaMeetYouHalfway.debug.xcconfig */;
			buildSettings = {
				ALWAYS_EMBED_SWIFT_STANDARD_LIBRARIES = YES;
				ASSETCATALOG_COMPILER_APPICON_NAME = AppIcon;
				CODE_SIGN_ENTITLEMENTS = GonnaMeetYouHalfway/GonnaMeetYouHalfway.entitlements;
				DEVELOPMENT_TEAM = W5SLRW4B3C;
				INFOPLIST_FILE = GonnaMeetYouHalfway/Info.plist;
				LD_RUNPATH_SEARCH_PATHS = "$(inherited) @executable_path/Frameworks";
				PRODUCT_BUNDLE_IDENTIFIER = com.codequest.GonnaMeetYouHalfway;
				PRODUCT_NAME = "$(TARGET_NAME)";
				SWIFT_VERSION = 3.0;
			};
			name = Debug;
		};
		9060F3751DFEAAE600213743 /* Release */ = {
			isa = XCBuildConfiguration;
			baseConfigurationReference = 8EA338C6C9937B0F5D67045C /* Pods-GonnaMeetYouHalfway.release.xcconfig */;
			buildSettings = {
				ALWAYS_EMBED_SWIFT_STANDARD_LIBRARIES = YES;
				ASSETCATALOG_COMPILER_APPICON_NAME = AppIcon;
				CODE_SIGN_ENTITLEMENTS = GonnaMeetYouHalfway/GonnaMeetYouHalfway.entitlements;
				DEVELOPMENT_TEAM = W5SLRW4B3C;
				INFOPLIST_FILE = GonnaMeetYouHalfway/Info.plist;
				LD_RUNPATH_SEARCH_PATHS = "$(inherited) @executable_path/Frameworks";
				PRODUCT_BUNDLE_IDENTIFIER = com.codequest.GonnaMeetYouHalfway;
				PRODUCT_NAME = "$(TARGET_NAME)";
				SWIFT_VERSION = 3.0;
			};
			name = Release;
		};
		EEA0941E1E035DCD00DD60B5 /* Debug */ = {
			isa = XCBuildConfiguration;
			baseConfigurationReference = 2828B6FF2FE8D7F6C26D6A93 /* Pods-Halfway Widget.debug.xcconfig */;
			buildSettings = {
				DEVELOPMENT_TEAM = W5SLRW4B3C;
				INFOPLIST_FILE = "Halfway Widget/Info.plist";
				LD_RUNPATH_SEARCH_PATHS = "$(inherited) @executable_path/Frameworks @executable_path/../../Frameworks";
				PRODUCT_BUNDLE_IDENTIFIER = "com.codequest.GonnaMeetYouHalfway.Halfway-Widget";
				PRODUCT_NAME = "$(TARGET_NAME)";
				SKIP_INSTALL = YES;
				SWIFT_VERSION = 3.0;
			};
			name = Debug;
		};
		EEA0941F1E035DCD00DD60B5 /* Release */ = {
			isa = XCBuildConfiguration;
			baseConfigurationReference = DD87B0FD7A421D0FDDB1F665 /* Pods-Halfway Widget.release.xcconfig */;
			buildSettings = {
				DEVELOPMENT_TEAM = W5SLRW4B3C;
				INFOPLIST_FILE = "Halfway Widget/Info.plist";
				LD_RUNPATH_SEARCH_PATHS = "$(inherited) @executable_path/Frameworks @executable_path/../../Frameworks";
				PRODUCT_BUNDLE_IDENTIFIER = "com.codequest.GonnaMeetYouHalfway.Halfway-Widget";
				PRODUCT_NAME = "$(TARGET_NAME)";
				SKIP_INSTALL = YES;
				SWIFT_VERSION = 3.0;
			};
			name = Release;
		};
/* End XCBuildConfiguration section */

/* Begin XCConfigurationList section */
		90041EAF1E0172C900DDBD97 /* Build configuration list for PBXNativeTarget "HalfwayWatch Extension" */ = {
			isa = XCConfigurationList;
			buildConfigurations = (
				90041EAD1E0172C900DDBD97 /* Debug */,
				90041EAE1E0172C900DDBD97 /* Release */,
			);
			defaultConfigurationIsVisible = 0;
			defaultConfigurationName = Release;
		};
		90041EB11E0172C900DDBD97 /* Build configuration list for PBXNativeTarget "HalfwayWatch" */ = {
			isa = XCConfigurationList;
			buildConfigurations = (
				90041EAB1E0172C900DDBD97 /* Debug */,
				90041EAC1E0172C900DDBD97 /* Release */,
			);
			defaultConfigurationIsVisible = 0;
			defaultConfigurationName = Release;
		};
		9060F35C1DFEAAE600213743 /* Build configuration list for PBXProject "GonnaMeetYouHalfway" */ = {
			isa = XCConfigurationList;
			buildConfigurations = (
				9060F3711DFEAAE600213743 /* Debug */,
				9060F3721DFEAAE600213743 /* Release */,
			);
			defaultConfigurationIsVisible = 0;
			defaultConfigurationName = Release;
		};
		9060F3731DFEAAE600213743 /* Build configuration list for PBXNativeTarget "GonnaMeetYouHalfway" */ = {
			isa = XCConfigurationList;
			buildConfigurations = (
				9060F3741DFEAAE600213743 /* Debug */,
				9060F3751DFEAAE600213743 /* Release */,
			);
			defaultConfigurationIsVisible = 0;
			defaultConfigurationName = Release;
		};
		EEA094201E035DCD00DD60B5 /* Build configuration list for PBXNativeTarget "Halfway Widget" */ = {
			isa = XCConfigurationList;
			buildConfigurations = (
				EEA0941E1E035DCD00DD60B5 /* Debug */,
				EEA0941F1E035DCD00DD60B5 /* Release */,
			);
			defaultConfigurationIsVisible = 0;
			defaultConfigurationName = Release;
		};
/* End XCConfigurationList section */
	};
	rootObject = 9060F3591DFEAAE600213743 /* Project object */;
}
